
Microsoft Visual Studio Solution File, Format Version 11.00
# Visual Studio 2010
Project("{FAE04EC0-301F-11D3-BF4B-00C04F79EFBC}") = "Ntxuva", "Assembly-CSharp.csproj", "{55696381-1374-A495-7EAB-DE43666D6F59}"
EndProject
Project("{FAE04EC0-301F-11D3-BF4B-00C04F79EFBC}") = "Ntxuva", "Assembly-CSharp-firstpass.csproj", "{2B7E8D8F-ED7A-9627-0E36-921332425101}"
EndProject
Global
	GlobalSection(SolutionConfigurationPlatforms) = preSolution
		Debug|Any CPU = Debug|Any CPU
		Release|Any CPU = Release|Any CPU
	EndGlobalSection
	GlobalSection(ProjectConfigurationPlatforms) = postSolution
		{55696381-1374-A495-7EAB-DE43666D6F59}.Debug|Any CPU.ActiveCfg = Debug|Any CPU
		{55696381-1374-A495-7EAB-DE43666D6F59}.Debug|Any CPU.Build.0 = Debug|Any CPU
		{55696381-1374-A495-7EAB-DE43666D6F59}.Release|Any CPU.ActiveCfg = Release|Any CPU
		{55696381-1374-A495-7EAB-DE43666D6F59}.Release|Any CPU.Build.0 = Release|Any CPU
		{2B7E8D8F-ED7A-9627-0E36-921332425101}.Debug|Any CPU.ActiveCfg = Debug|Any CPU
		{2B7E8D8F-ED7A-9627-0E36-921332425101}.Debug|Any CPU.Build.0 = Debug|Any CPU
		{2B7E8D8F-ED7A-9627-0E36-921332425101}.Release|Any CPU.ActiveCfg = Release|Any CPU
		{2B7E8D8F-ED7A-9627-0E36-921332425101}.Release|Any CPU.Build.0 = Release|Any CPU
	EndGlobalSection
	GlobalSection(SolutionProperties) = preSolution
		HideSolutionNode = FALSE
	EndGlobalSection
	GlobalSection(MonoDevelopProperties) = preSolution
		StartupItem = Assembly-CSharp.csproj
	EndGlobalSection
EndGlobal
